// !$*UTF8*$!
{
	archiveVersion = 1;
	classes = {
	};
	objectVersion = 56;
	objects = {

/* Begin PBXBuildFile section */
		C369DF192A7AD9FD000D8657 /* AppDelegate.swift in Sources */ = {isa = PBXBuildFile; fileRef = C369DF182A7AD9FD000D8657 /* AppDelegate.swift */; };
		C369DF1B2A7AD9FD000D8657 /* SceneDelegate.swift in Sources */ = {isa = PBXBuildFile; fileRef = C369DF1A2A7AD9FD000D8657 /* SceneDelegate.swift */; };
		C369DF1D2A7AD9FD000D8657 /* ViewController.swift in Sources */ = {isa = PBXBuildFile; fileRef = C369DF1C2A7AD9FD000D8657 /* ViewController.swift */; };
		C369DF202A7AD9FD000D8657 /* Main.storyboard in Resources */ = {isa = PBXBuildFile; fileRef = C369DF1E2A7AD9FD000D8657 /* Main.storyboard */; };
		C369DF232A7AD9FD000D8657 /* SurfIosSummer.xcdatamodeld in Sources */ = {isa = PBXBuildFile; fileRef = C369DF212A7AD9FD000D8657 /* SurfIosSummer.xcdatamodeld */; };
		C369DF252A7ADA00000D8657 /* Assets.xcassets in Resources */ = {isa = PBXBuildFile; fileRef = C369DF242A7ADA00000D8657 /* Assets.xcassets */; };
		C369DF282A7ADA00000D8657 /* LaunchScreen.storyboard in Resources */ = {isa = PBXBuildFile; fileRef = C369DF262A7ADA00000D8657 /* LaunchScreen.storyboard */; };
		C369DF302A7ADA50000D8657 /* CellsForCollection.swift in Sources */ = {isa = PBXBuildFile; fileRef = C369DF2F2A7ADA50000D8657 /* CellsForCollection.swift */; };
		C369DF342A7ADA7E000D8657 /* CoreDataSkills.swift in Sources */ = {isa = PBXBuildFile; fileRef = C369DF332A7ADA7E000D8657 /* CoreDataSkills.swift */; };
/* End PBXBuildFile section */

/* Begin PBXFileReference section */
		C369DF152A7AD9FD000D8657 /* SurfIosSummer.app */ = {isa = PBXFileReference; explicitFileType = wrapper.application; includeInIndex = 0; path = SurfIosSummer.app; sourceTree = BUILT_PRODUCTS_DIR; };
		C369DF182A7AD9FD000D8657 /* AppDelegate.swift */ = {isa = PBXFileReference; lastKnownFileType = sourcecode.swift; path = AppDelegate.swift; sourceTree = "<group>"; };
		C369DF1A2A7AD9FD000D8657 /* SceneDelegate.swift */ = {isa = PBXFileReference; lastKnownFileType = sourcecode.swift; path = SceneDelegate.swift; sourceTree = "<group>"; };
		C369DF1C2A7AD9FD000D8657 /* ViewController.swift */ = {isa = PBXFileReference; lastKnownFileType = sourcecode.swift; path = ViewController.swift; sourceTree = "<group>"; };
		C369DF1F2A7AD9FD000D8657 /* Base */ = {isa = PBXFileReference; lastKnownFileType = file.storyboard; name = Base; path = Base.lproj/Main.storyboard; sourceTree = "<group>"; };
		C369DF222A7AD9FD000D8657 /* SurfIosSummer.xcdatamodel */ = {isa = PBXFileReference; lastKnownFileType = wrapper.xcdatamodel; path = SurfIosSummer.xcdatamodel; sourceTree = "<group>"; };
		C369DF242A7ADA00000D8657 /* Assets.xcassets */ = {isa = PBXFileReference; lastKnownFileType = folder.assetcatalog; path = Assets.xcassets; sourceTree = "<group>"; };
		C369DF272A7ADA00000D8657 /* Base */ = {isa = PBXFileReference; lastKnownFileType = file.storyboard; name = Base; path = Base.lproj/LaunchScreen.storyboard; sourceTree = "<group>"; };
		C369DF292A7ADA00000D8657 /* Info.plist */ = {isa = PBXFileReference; lastKnownFileType = text.plist.xml; path = Info.plist; sourceTree = "<group>"; };
		C369DF2F2A7ADA50000D8657 /* CellsForCollection.swift */ = {isa = PBXFileReference; lastKnownFileType = sourcecode.swift; path = CellsForCollection.swift; sourceTree = "<group>"; };
		C369DF332A7ADA7E000D8657 /* CoreDataSkills.swift */ = {isa = PBXFileReference; lastKnownFileType = sourcecode.swift; path = CoreDataSkills.swift; sourceTree = "<group>"; };
/* End PBXFileReference section */

/* Begin PBXFrameworksBuildPhase section */
		C369DF122A7AD9FD000D8657 /* Frameworks */ = {
			isa = PBXFrameworksBuildPhase;
			buildActionMask = 2147483647;
			files = (
			);
			runOnlyForDeploymentPostprocessing = 0;
		};
/* End PBXFrameworksBuildPhase section */

/* Begin PBXGroup section */
		C369DF0C2A7AD9FD000D8657 = {
			isa = PBXGroup;
			children = (
				C369DF172A7AD9FD000D8657 /* SurfIosSummer */,
				C369DF162A7AD9FD000D8657 /* Products */,
			);
			sourceTree = "<group>";
		};
		C369DF162A7AD9FD000D8657 /* Products */ = {
			isa = PBXGroup;
			children = (
				C369DF152A7AD9FD000D8657 /* SurfIosSummer.app */,
			);
			name = Products;
			sourceTree = "<group>";
		};
		C369DF172A7AD9FD000D8657 /* SurfIosSummer */ = {
			isa = PBXGroup;
			children = (
				C369DF182A7AD9FD000D8657 /* AppDelegate.swift */,
				C369DF1A2A7AD9FD000D8657 /* SceneDelegate.swift */,
				C369DF1C2A7AD9FD000D8657 /* ViewController.swift */,
				C369DF2F2A7ADA50000D8657 /* CellsForCollection.swift */,
				C369DF332A7ADA7E000D8657 /* CoreDataSkills.swift */,
				C369DF1E2A7AD9FD000D8657 /* Main.storyboard */,
				C369DF242A7ADA00000D8657 /* Assets.xcassets */,
				C369DF262A7ADA00000D8657 /* LaunchScreen.storyboard */,
				C369DF292A7ADA00000D8657 /* Info.plist */,
				C369DF212A7AD9FD000D8657 /* SurfIosSummer.xcdatamodeld */,
			);
			path = SurfIosSummer;
			sourceTree = "<group>";
		};
/* End PBXGroup section */

/* Begin PBXNativeTarget section */
		C369DF142A7AD9FD000D8657 /* SurfIosSummer */ = {
			isa = PBXNativeTarget;
			buildConfigurationList = C369DF2C2A7ADA00000D8657 /* Build configuration list for PBXNativeTarget "SurfIosSummer" */;
			buildPhases = (
				C369DF112A7AD9FD000D8657 /* Sources */,
				C369DF122A7AD9FD000D8657 /* Frameworks */,
				C369DF132A7AD9FD000D8657 /* Resources */,
			);
			buildRules = (
			);
			dependencies = (
			);
			name = SurfIosSummer;
			productName = SurfIosSummer;
			productReference = C369DF152A7AD9FD000D8657 /* SurfIosSummer.app */;
			productType = "com.apple.product-type.application";
		};
/* End PBXNativeTarget section */

/* Begin PBXProject section */
		C369DF0D2A7AD9FD000D8657 /* Project object */ = {
			isa = PBXProject;
			attributes = {
				BuildIndependentTargetsInParallel = 1;
				LastSwiftUpdateCheck = 1430;
				LastUpgradeCheck = 1430;
				TargetAttributes = {
					C369DF142A7AD9FD000D8657 = {
						CreatedOnToolsVersion = 14.3.1;
					};
				};
			};
			buildConfigurationList = C369DF102A7AD9FD000D8657 /* Build configuration list for PBXProject "SurfIosSummer" */;
			compatibilityVersion = "Xcode 14.0";
			developmentRegion = en;
			hasScannedForEncodings = 0;
			knownRegions = (
				en,
				Base,
			);
			mainGroup = C369DF0C2A7AD9FD000D8657;
			productRefGroup = C369DF162A7AD9FD000D8657 /* Products */;
			projectDirPath = "";
			projectRoot = "";
			targets = (
				C369DF142A7AD9FD000D8657 /* SurfIosSummer */,
			);
		};
/* End PBXProject section */

/* Begin PBXResourcesBuildPhase section */
		C369DF132A7AD9FD000D8657 /* Resources */ = {
			isa = PBXResourcesBuildPhase;
			buildActionMask = 2147483647;
			files = (
				C369DF282A7ADA00000D8657 /* LaunchScreen.storyboard in Resources */,
				C369DF252A7ADA00000D8657 /* Assets.xcassets in Resources */,
				C369DF202A7AD9FD000D8657 /* Main.storyboard in Resources */,
			);
			runOnlyForDeploymentPostprocessing = 0;
		};
/* End PBXResourcesBuildPhase section */

/* Begin PBXSourcesBuildPhase section */
		C369DF112A7AD9FD000D8657 /* Sources */ = {
			isa = PBXSourcesBuildPhase;
			buildActionMask = 2147483647;
			files = (
				C369DF1D2A7AD9FD000D8657 /* ViewController.swift in Sources */,
				C369DF192A7AD9FD000D8657 /* AppDelegate.swift in Sources */,
				C369DF302A7ADA50000D8657 /* CellsForCollection.swift in Sources */,
				C369DF232A7AD9FD000D8657 /* SurfIosSummer.xcdatamodeld in Sources */,
				C369DF342A7ADA7E000D8657 /* CoreDataSkills.swift in Sources */,
				C369DF1B2A7AD9FD000D8657 /* SceneDelegate.swift in Sources */,
			);
			runOnlyForDeploymentPostprocessing = 0;
		};
/* End PBXSourcesBuildPhase section */

/* Begin PBXVariantGroup section */
		C369DF1E2A7AD9FD000D8657 /* Main.storyboard */ = {
			isa = PBXVariantGroup;
			children = (
				C369DF1F2A7AD9FD000D8657 /* Base */,
			);
			name = Main.storyboard;
			sourceTree = "<group>";
		};
		C369DF262A7ADA00000D8657 /* LaunchScreen.storyboard */ = {
			isa = PBXVariantGroup;
			children = (
				C369DF272A7ADA00000D8657 /* Base */,
			);
			name = LaunchScreen.storyboard;
			sourceTree = "<group>";
		};
/* End PBXVariantGroup section */

/* Begin XCBuildConfiguration section */
		C369DF2A2A7ADA00000D8657 /* Debug */ = {
			isa = XCBuildConfiguration;
			buildSettings = {
				ALWAYS_SEARCH_USER_PATHS = NO;
				CLANG_ANALYZER_NONNULL = YES;
				CLANG_ANALYZER_NUMBER_OBJECT_CONVERSION = YES_AGGRESSIVE;
				CLANG_CXX_LANGUAGE_STANDARD = "gnu++20";
				CLANG_ENABLE_MODULES = YES;
				CLANG_ENABLE_OBJC_ARC = YES;
				CLANG_ENABLE_OBJC_WEAK = YES;
				CLANG_WARN_BLOCK_CAPTURE_AUTORELEASING = YES;
				CLANG_WARN_BOOL_CONVERSION = YES;
				CLANG_WARN_COMMA = YES;
				CLANG_WARN_CONSTANT_CONVERSION = YES;
				CLANG_WARN_DEPRECATED_OBJC_IMPLEMENTATIONS = YES;
				CLANG_WARN_DIRECT_OBJC_ISA_USAGE = YES_ERROR;
				CLANG_WARN_DOCUMENTATION_COMMENTS = YES;
				CLANG_WARN_EMPTY_BODY = YES;
				CLANG_WARN_ENUM_CONVERSION = YES;
				CLANG_WARN_INFINITE_RECURSION = YES;
				CLANG_WARN_INT_CONVERSION = YES;
				CLANG_WARN_NON_LITERAL_NULL_CONVERSION = YES;
				CLANG_WARN_OBJC_IMPLICIT_RETAIN_SELF = YES;
				CLANG_WARN_OBJC_LITERAL_CONVERSION = YES;
				CLANG_WARN_OBJC_ROOT_CLASS = YES_ERROR;
				CLANG_WARN_QUOTED_INCLUDE_IN_FRAMEWORK_HEADER = YES;
				CLANG_WARN_RANGE_LOOP_ANALYSIS = YES;
				CLANG_WARN_STRICT_PROTOTYPES = YES;
				CLANG_WARN_SUSPICIOUS_MOVE = YES;
				CLANG_WARN_UNGUARDED_AVAILABILITY = YES_AGGRESSIVE;
				CLANG_WARN_UNREACHABLE_CODE = YES;
				CLANG_WARN__DUPLICATE_METHOD_MATCH = YES;
				COPY_PHASE_STRIP = NO;
				DEBUG_INFORMATION_FORMAT = dwarf;
				ENABLE_STRICT_OBJC_MSGSEND = YES;
				ENABLE_TESTABILITY = YES;
				GCC_C_LANGUAGE_STANDARD = gnu11;
				GCC_DYNAMIC_NO_PIC = NO;
				GCC_NO_COMMON_BLOCKS = YES;
				GCC_OPTIMIZATION_LEVEL = 0;
				GCC_PREPROCESSOR_DEFINITIONS = (
					"DEBUG=1",
					"$(inherited)",
				);
				GCC_WARN_64_TO_32_BIT_CONVERSION = YES;
				GCC_WARN_ABOUT_RETURN_TYPE = YES_ERROR;
				GCC_WARN_UNDECLARED_SELECTOR = YES;
				GCC_WARN_UNINITIALIZED_AUTOS = YES_AGGRESSIVE;
				GCC_WARN_UNUSED_FUNCTION = YES;
				GCC_WARN_UNUSED_VARIABLE = YES;
				IPHONEOS_DEPLOYMENT_TARGET = 16.4;
				MTL_ENABLE_DEBUG_INFO = INCLUDE_SOURCE;
				MTL_FAST_MATH = YES;
				ONLY_ACTIVE_ARCH = YES;
				SDKROOT = iphoneos;
				SWIFT_ACTIVE_COMPILATION_CONDITIONS = DEBUG;
				SWIFT_OPTIMIZATION_LEVEL = "-Onone";
			};
			name = Debug;
		};
		C369DF2B2A7ADA00000D8657 /* Release */ = {
			isa = XCBuildConfiguration;
			buildSettings = {
				ALWAYS_SEARCH_USER_PATHS = NO;
				CLANG_ANALYZER_NONNULL = YES;
				CLANG_ANALYZER_NUMBER_OBJECT_CONVERSION = YES_AGGRESSIVE;
				CLANG_CXX_LANGUAGE_STANDARD = "gnu++20";
				CLANG_ENABLE_MODULES = YES;
				CLANG_ENABLE_OBJC_ARC = YES;
				CLANG_ENABLE_OBJC_WEAK = YES;
				CLANG_WARN_BLOCK_CAPTURE_AUTORELEASING = YES;
				CLANG_WARN_BOOL_CONVERSION = YES;
				CLANG_WARN_COMMA = YES;
				CLANG_WARN_CONSTANT_CONVERSION = YES;
				CLANG_WARN_DEPRECATED_OBJC_IMPLEMENTATIONS = YES;
				CLANG_WARN_DIRECT_OBJC_ISA_USAGE = YES_ERROR;
				CLANG_WARN_DOCUMENTATION_COMMENTS = YES;
				CLANG_WARN_EMPTY_BODY = YES;
				CLANG_WARN_ENUM_CONVERSION = YES;
				CLANG_WARN_INFINITE_RECURSION = YES;
				CLANG_WARN_INT_CONVERSION = YES;
				CLANG_WARN_NON_LITERAL_NULL_CONVERSION = YES;
				CLANG_WARN_OBJC_IMPLICIT_RETAIN_SELF = YES;
				CLANG_WARN_OBJC_LITERAL_CONVERSION = YES;
				CLANG_WARN_OBJC_ROOT_CLASS = YES_ERROR;
				CLANG_WARN_QUOTED_INCLUDE_IN_FRAMEWORK_HEADER = YES;
				CLANG_WARN_RANGE_LOOP_ANALYSIS = YES;
				CLANG_WARN_STRICT_PROTOTYPES = YES;
				CLANG_WARN_SUSPICIOUS_MOVE = YES;
				CLANG_WARN_UNGUARDED_AVAILABILITY = YES_AGGRESSIVE;
				CLANG_WARN_UNREACHABLE_CODE = YES;
				CLANG_WARN__DUPLICATE_METHOD_MATCH = YES;
				COPY_PHASE_STRIP = NO;
				DEBUG_INFORMATION_FORMAT = "dwarf-with-dsym";
				ENABLE_NS_ASSERTIONS = NO;
				ENABLE_STRICT_OBJC_MSGSEND = YES;
				GCC_C_LANGUAGE_STANDARD = gnu11;
				GCC_NO_COMMON_BLOCKS = YES;
				GCC_WARN_64_TO_32_BIT_CONVERSION = YES;
				GCC_WARN_ABOUT_RETURN_TYPE = YES_ERROR;
				GCC_WARN_UNDECLARED_SELECTOR = YES;
				GCC_WARN_UNINITIALIZED_AUTOS = YES_AGGRESSIVE;
				GCC_WARN_UNUSED_FUNCTION = YES;
				GCC_WARN_UNUSED_VARIABLE = YES;
				IPHONEOS_DEPLOYMENT_TARGET = 16.4;
				MTL_ENABLE_DEBUG_INFO = NO;
				MTL_FAST_MATH = YES;
				SDKROOT = iphoneos;
				SWIFT_COMPILATION_MODE = wholemodule;
				SWIFT_OPTIMIZATION_LEVEL = "-O";
				VALIDATE_PRODUCT = YES;
			};
			name = Release;
		};
		C369DF2D2A7ADA00000D8657 /* Debug */ = {
			isa = XCBuildConfiguration;
			buildSettings = {
				ASSETCATALOG_COMPILER_APPICON_NAME = AppIcon;
				ASSETCATALOG_COMPILER_GLOBAL_ACCENT_COLOR_NAME = AccentColor;
				CODE_SIGN_STYLE = Automatic;
				CURRENT_PROJECT_VERSION = 1;
				DEVELOPMENT_TEAM = P7KHXAY2MU;
				GENERATE_INFOPLIST_FILE = YES;
				INFOPLIST_FILE = SurfIosSummer/Info.plist;
				INFOPLIST_KEY_UIApplicationSupportsIndirectInputEvents = YES;
				INFOPLIST_KEY_UILaunchStoryboardName = LaunchScreen;
				INFOPLIST_KEY_UIMainStoryboardFile = Main;
				INFOPLIST_KEY_UISupportedInterfaceOrientations_iPad = "UIInterfaceOrientationPortrait UIInterfaceOrientationPortraitUpsideDown UIInterfaceOrientationLandscapeLeft UIInterfaceOrientationLandscapeRight";
				INFOPLIST_KEY_UISupportedInterfaceOrientations_iPhone = "UIInterfaceOrientationPortrait UIInterfaceOrientationLandscapeLeft UIInterfaceOrientationLandscapeRight";
				LD_RUNPATH_SEARCH_PATHS = (
					"$(inherited)",
					"@executable_path/Frameworks",
				);
				MARKETING_VERSION = 1.0;
				PRODUCT_BUNDLE_IDENTIFIER = Home.SurfIosSummer;
				PRODUCT_NAME = "$(TARGET_NAME)";
				SWIFT_EMIT_LOC_STRINGS = YES;
				SWIFT_VERSION = 5.0;
				TARGETED_DEVICE_FAMILY = "1,2";
			};
			name = Debug;
		};
		C369DF2E2A7ADA00000D8657 /* Release */ = {
			isa = XCBuildConfiguration;
			buildSettings = {
				ASSETCATALOG_COMPILER_APPICON_NAME = AppIcon;
				ASSETCATALOG_COMPILER_GLOBAL_ACCENT_COLOR_NAME = AccentColor;
				CODE_SIGN_STYLE = Automatic;
				CURRENT_PROJECT_VERSION = 1;
				DEVELOPMENT_TEAM = P7KHXAY2MU;
				GENERATE_INFOPLIST_FILE = YES;
				INFOPLIST_FILE = SurfIosSummer/Info.plist;
				INFOPLIST_KEY_UIApplicationSupportsIndirectInputEvents = YES;
				INFOPLIST_KEY_UILaunchStoryboardName = LaunchScreen;
				INFOPLIST_KEY_UIMainStoryboardFile = Main;
				INFOPLIST_KEY_UISupportedInterfaceOrientations_iPad = "UIInterfaceOrientationPortrait UIInterfaceOrientationPortraitUpsideDown UIInterfaceOrientationLandscapeLeft UIInterfaceOrientationLandscapeRight";
				INFOPLIST_KEY_UISupportedInterfaceOrientations_iPhone = "UIInterfaceOrientationPortrait UIInterfaceOrientationLandscapeLeft UIInterfaceOrientationLandscapeRight";
				LD_RUNPATH_SEARCH_PATHS = (
					"$(inherited)",
					"@executable_path/Frameworks",
				);
				MARKETING_VERSION = 1.0;
				PRODUCT_BUNDLE_IDENTIFIER = Home.SurfIosSummer;
				PRODUCT_NAME = "$(TARGET_NAME)";
				SWIFT_EMIT_LOC_STRINGS = YES;
				SWIFT_VERSION = 5.0;
				TARGETED_DEVICE_FAMILY = "1,2";
			};
			name = Release;
		};
/* End XCBuildConfiguration section */

/* Begin XCConfigurationList section */
		C369DF102A7AD9FD000D8657 /* Build configuration list for PBXProject "SurfIosSummer" */ = {
			isa = XCConfigurationList;
			buildConfigurations = (
				C369DF2A2A7ADA00000D8657 /* Debug */,
				C369DF2B2A7ADA00000D8657 /* Release */,
			);
			defaultConfigurationIsVisible = 0;
			defaultConfigurationName = Release;
		};
		C369DF2C2A7ADA00000D8657 /* Build configuration list for PBXNativeTarget "SurfIosSummer" */ = {
			isa = XCConfigurationList;
			buildConfigurations = (
				C369DF2D2A7ADA00000D8657 /* Debug */,
				C369DF2E2A7ADA00000D8657 /* Release */,
			);
			defaultConfigurationIsVisible = 0;
			defaultConfigurationName = Release;
		};
/* End XCConfigurationList section */

/* Begin XCVersionGroup section */
		C369DF212A7AD9FD000D8657 /* SurfIosSummer.xcdatamodeld */ = {
			isa = XCVersionGroup;
			children = (
				C369DF222A7AD9FD000D8657 /* SurfIosSummer.xcdatamodel */,
			);
			currentVersion = C369DF222A7AD9FD000D8657 /* SurfIosSummer.xcdatamodel */;
			path = SurfIosSummer.xcdatamodeld;
			sourceTree = "<group>";
			versionGroupType = wrapper.xcdatamodel;
		};
/* End XCVersionGroup section */
	};
	rootObject = C369DF0D2A7AD9FD000D8657 /* Project object */;
}
